// !$*UTF8*$!
{
	archiveVersion = 1;
	classes = {
	};
	objectVersion = 50;
	objects = {

/* Begin PBXBuildFile section */
		FF7D64962247D3C000E3F139 /* AppDelegate.swift in Sources */ = {isa = PBXBuildFile; fileRef = FF7D64952247D3C000E3F139 /* AppDelegate.swift */; };
		FF7D64982247D3C000E3F139 /* CurrentLocationView Controller.swift in Sources */ = {isa = PBXBuildFile; fileRef = FF7D64972247D3C000E3F139 /* CurrentLocationView Controller.swift */; };
		FF7D649D2247D3C000E3F139 /* Main.storyboard in Resources */ = {isa = PBXBuildFile; fileRef = FF7D649B2247D3C000E3F139 /* Main.storyboard */; };
		FF7D649F2247D3C200E3F139 /* Assets.xcassets in Resources */ = {isa = PBXBuildFile; fileRef = FF7D649E2247D3C200E3F139 /* Assets.xcassets */; };
		FF7D64A22247D3C200E3F139 /* LaunchScreen.storyboard in Resources */ = {isa = PBXBuildFile; fileRef = FF7D64A02247D3C200E3F139 /* LaunchScreen.storyboard */; };
		FFBCAE01224DC9EC00AE3267 /* LocationCell.swift in Sources */ = {isa = PBXBuildFile; fileRef = FFBCAE00224DC9EC00AE3267 /* LocationCell.swift */; };
		FFCAE29B224D23FD00CC0AB2 /* LocationsViewController.swift in Sources */ = {isa = PBXBuildFile; fileRef = FFCAE29A224D23FD00CC0AB2 /* LocationsViewController.swift */; };
		FFD163EF224A4C640014E238 /* LocationDetailsViewController.swift in Sources */ = {isa = PBXBuildFile; fileRef = FFD163EE224A4C640014E238 /* LocationDetailsViewController.swift */; };
		FFD163F1224A7BAE0014E238 /* CategoryPickerViewController.swift in Sources */ = {isa = PBXBuildFile; fileRef = FFD163F0224A7BAE0014E238 /* CategoryPickerViewController.swift */; };
		FFD2DC3C224BB4F400210272 /* HudView.swift in Sources */ = {isa = PBXBuildFile; fileRef = FFD2DC3B224BB4F400210272 /* HudView.swift */; };
		FFD2DC3E224BC00100210272 /* Functions.swift in Sources */ = {isa = PBXBuildFile; fileRef = FFD2DC3D224BC00100210272 /* Functions.swift */; };
		FFD2DC41224BC1CB00210272 /* DataModel.xcdatamodeld in Sources */ = {isa = PBXBuildFile; fileRef = FFD2DC3F224BC1CB00210272 /* DataModel.xcdatamodeld */; };
		FFD2DC44224BC3B000210272 /* Location+CoreDataClass.swift in Sources */ = {isa = PBXBuildFile; fileRef = FFD2DC42224BC3B000210272 /* Location+CoreDataClass.swift */; };
		FFD2DC45224BC3B000210272 /* Location+CoreDataProperties.swift in Sources */ = {isa = PBXBuildFile; fileRef = FFD2DC43224BC3B000210272 /* Location+CoreDataProperties.swift */; };
/* End PBXBuildFile section */

/* Begin PBXFileReference section */
		FF7D64922247D3C000E3F139 /* MyLocations.app */ = {isa = PBXFileReference; explicitFileType = wrapper.application; includeInIndex = 0; path = MyLocations.app; sourceTree = BUILT_PRODUCTS_DIR; };
		FF7D64952247D3C000E3F139 /* AppDelegate.swift */ = {isa = PBXFileReference; lastKnownFileType = sourcecode.swift; path = AppDelegate.swift; sourceTree = "<group>"; };
		FF7D64972247D3C000E3F139 /* CurrentLocationView Controller.swift */ = {isa = PBXFileReference; lastKnownFileType = sourcecode.swift; path = "CurrentLocationView Controller.swift"; sourceTree = "<group>"; };
		FF7D649C2247D3C000E3F139 /* Base */ = {isa = PBXFileReference; lastKnownFileType = file.storyboard; name = Base; path = Base.lproj/Main.storyboard; sourceTree = "<group>"; };
		FF7D649E2247D3C200E3F139 /* Assets.xcassets */ = {isa = PBXFileReference; lastKnownFileType = folder.assetcatalog; path = Assets.xcassets; sourceTree = "<group>"; };
		FF7D64A12247D3C200E3F139 /* Base */ = {isa = PBXFileReference; lastKnownFileType = file.storyboard; name = Base; path = Base.lproj/LaunchScreen.storyboard; sourceTree = "<group>"; };
		FF7D64A32247D3C200E3F139 /* Info.plist */ = {isa = PBXFileReference; lastKnownFileType = text.plist.xml; path = Info.plist; sourceTree = "<group>"; };
		FFBCAE00224DC9EC00AE3267 /* LocationCell.swift */ = {isa = PBXFileReference; lastKnownFileType = sourcecode.swift; path = LocationCell.swift; sourceTree = "<group>"; };
		FFCAE29A224D23FD00CC0AB2 /* LocationsViewController.swift */ = {isa = PBXFileReference; lastKnownFileType = sourcecode.swift; path = LocationsViewController.swift; sourceTree = "<group>"; };
		FFD163EE224A4C640014E238 /* LocationDetailsViewController.swift */ = {isa = PBXFileReference; lastKnownFileType = sourcecode.swift; path = LocationDetailsViewController.swift; sourceTree = "<group>"; };
		FFD163F0224A7BAE0014E238 /* CategoryPickerViewController.swift */ = {isa = PBXFileReference; lastKnownFileType = sourcecode.swift; path = CategoryPickerViewController.swift; sourceTree = "<group>"; };
		FFD2DC3B224BB4F400210272 /* HudView.swift */ = {isa = PBXFileReference; lastKnownFileType = sourcecode.swift; path = HudView.swift; sourceTree = "<group>"; };
		FFD2DC3D224BC00100210272 /* Functions.swift */ = {isa = PBXFileReference; lastKnownFileType = sourcecode.swift; path = Functions.swift; sourceTree = "<group>"; };
		FFD2DC40224BC1CB00210272 /* DataModel.xcdatamodel */ = {isa = PBXFileReference; lastKnownFileType = wrapper.xcdatamodel; path = DataModel.xcdatamodel; sourceTree = "<group>"; };
		FFD2DC42224BC3B000210272 /* Location+CoreDataClass.swift */ = {isa = PBXFileReference; lastKnownFileType = sourcecode.swift; path = "Location+CoreDataClass.swift"; sourceTree = "<group>"; };
		FFD2DC43224BC3B000210272 /* Location+CoreDataProperties.swift */ = {isa = PBXFileReference; lastKnownFileType = sourcecode.swift; path = "Location+CoreDataProperties.swift"; sourceTree = "<group>"; };
/* End PBXFileReference section */

/* Begin PBXFrameworksBuildPhase section */
		FF7D648F2247D3C000E3F139 /* Frameworks */ = {
			isa = PBXFrameworksBuildPhase;
			buildActionMask = 2147483647;
			files = (
			);
			runOnlyForDeploymentPostprocessing = 0;
		};
/* End PBXFrameworksBuildPhase section */

/* Begin PBXGroup section */
		FF7D64892247D3C000E3F139 = {
			isa = PBXGroup;
			children = (
				FFD2DC42224BC3B000210272 /* Location+CoreDataClass.swift */,
				FFD2DC43224BC3B000210272 /* Location+CoreDataProperties.swift */,
				FF7D64942247D3C000E3F139 /* MyLocations */,
				FF7D64932247D3C000E3F139 /* Products */,
				FFCAE299224D21B500CC0AB2 /* View Controllers */,
			);
			sourceTree = "<group>";
		};
		FF7D64932247D3C000E3F139 /* Products */ = {
			isa = PBXGroup;
			children = (
				FF7D64922247D3C000E3F139 /* MyLocations.app */,
			);
			name = Products;
			sourceTree = "<group>";
		};
		FF7D64942247D3C000E3F139 /* MyLocations */ = {
			isa = PBXGroup;
			children = (
				FF7D64952247D3C000E3F139 /* AppDelegate.swift */,
				FF7D649B2247D3C000E3F139 /* Main.storyboard */,
				FF7D649E2247D3C200E3F139 /* Assets.xcassets */,
				FF7D64A02247D3C200E3F139 /* LaunchScreen.storyboard */,
				FF7D64A32247D3C200E3F139 /* Info.plist */,
				FFD163F0224A7BAE0014E238 /* CategoryPickerViewController.swift */,
				FFD2DC3B224BB4F400210272 /* HudView.swift */,
				FFD2DC3D224BC00100210272 /* Functions.swift */,
				FFBCAE00224DC9EC00AE3267 /* LocationCell.swift */,
				FFD2DC3F224BC1CB00210272 /* DataModel.xcdatamodeld */,
			);
			path = MyLocations;
			sourceTree = "<group>";
		};
		FFCAE299224D21B500CC0AB2 /* View Controllers */ = {
			isa = PBXGroup;
			children = (
				FF7D64972247D3C000E3F139 /* CurrentLocationView Controller.swift */,
				FFD163EE224A4C640014E238 /* LocationDetailsViewController.swift */,
				FFCAE29A224D23FD00CC0AB2 /* LocationsViewController.swift */,
			);
			path = "View Controllers";
			sourceTree = "<group>";
		};
/* End PBXGroup section */

/* Begin PBXNativeTarget section */
		FF7D64912247D3C000E3F139 /* MyLocations */ = {
			isa = PBXNativeTarget;
			buildConfigurationList = FF7D64A62247D3C200E3F139 /* Build configuration list for PBXNativeTarget "MyLocations" */;
			buildPhases = (
				FF7D648E2247D3C000E3F139 /* Sources */,
				FF7D648F2247D3C000E3F139 /* Frameworks */,
				FF7D64902247D3C000E3F139 /* Resources */,
			);
			buildRules = (
			);
			dependencies = (
			);
			name = MyLocations;
			productName = MyLocations;
			productReference = FF7D64922247D3C000E3F139 /* MyLocations.app */;
			productType = "com.apple.product-type.application";
		};
/* End PBXNativeTarget section */

/* Begin PBXProject section */
		FF7D648A2247D3C000E3F139 /* Project object */ = {
			isa = PBXProject;
			attributes = {
				LastSwiftUpdateCheck = 1010;
				LastUpgradeCheck = 1010;
				ORGANIZATIONNAME = "Art Williamson";
				TargetAttributes = {
					FF7D64912247D3C000E3F139 = {
						CreatedOnToolsVersion = 10.1;
					};
				};
			};
			buildConfigurationList = FF7D648D2247D3C000E3F139 /* Build configuration list for PBXProject "MyLocations" */;
			compatibilityVersion = "Xcode 9.3";
			developmentRegion = en;
			hasScannedForEncodings = 0;
			knownRegions = (
				en,
				Base,
			);
			mainGroup = FF7D64892247D3C000E3F139;
			productRefGroup = FF7D64932247D3C000E3F139 /* Products */;
			projectDirPath = "";
			projectRoot = "";
			targets = (
				FF7D64912247D3C000E3F139 /* MyLocations */,
			);
		};
/* End PBXProject section */

/* Begin PBXResourcesBuildPhase section */
		FF7D64902247D3C000E3F139 /* Resources */ = {
			isa = PBXResourcesBuildPhase;
			buildActionMask = 2147483647;
			files = (
				FF7D64A22247D3C200E3F139 /* LaunchScreen.storyboard in Resources */,
				FF7D649F2247D3C200E3F139 /* Assets.xcassets in Resources */,
				FF7D649D2247D3C000E3F139 /* Main.storyboard in Resources */,
			);
			runOnlyForDeploymentPostprocessing = 0;
		};
/* End PBXResourcesBuildPhase section */

/* Begin PBXSourcesBuildPhase section */
		FF7D648E2247D3C000E3F139 /* Sources */ = {
			isa = PBXSourcesBuildPhase;
			buildActionMask = 2147483647;
			files = (
				FFD163EF224A4C640014E238 /* LocationDetailsViewController.swift in Sources */,
				FFD2DC41224BC1CB00210272 /* DataModel.xcdatamodeld in Sources */,
				FFBCAE01224DC9EC00AE3267 /* LocationCell.swift in Sources */,
				FFD2DC3C224BB4F400210272 /* HudView.swift in Sources */,
				FFCAE29B224D23FD00CC0AB2 /* LocationsViewController.swift in Sources */,
				FFD2DC45224BC3B000210272 /* Location+CoreDataProperties.swift in Sources */,
				FFD2DC3E224BC00100210272 /* Functions.swift in Sources */,
				FF7D64962247D3C000E3F139 /* AppDelegate.swift in Sources */,
				FFD2DC44224BC3B000210272 /* Location+CoreDataClass.swift in Sources */,
				FFD163F1224A7BAE0014E238 /* CategoryPickerViewController.swift in Sources */,
				FF7D64982247D3C000E3F139 /* CurrentLocationView Controller.swift in Sources */,
			);
			runOnlyForDeploymentPostprocessing = 0;
		};
/* End PBXSourcesBuildPhase section */

/* Begin PBXVariantGroup section */
		FF7D649B2247D3C000E3F139 /* Main.storyboard */ = {
			isa = PBXVariantGroup;
			children = (
				FF7D649C2247D3C000E3F139 /* Base */,
			);
			name = Main.storyboard;
			sourceTree = "<group>";
		};
		FF7D64A02247D3C200E3F139 /* LaunchScreen.storyboard */ = {
			isa = PBXVariantGroup;
			children = (
				FF7D64A12247D3C200E3F139 /* Base */,
			);
			name = LaunchScreen.storyboard;
			sourceTree = "<group>";
		};
/* End PBXVariantGroup section */

/* Begin XCBuildConfiguration section */
		FF7D64A42247D3C200E3F139 /* Debug */ = {
			isa = XCBuildConfiguration;
			buildSettings = {
				ALWAYS_SEARCH_USER_PATHS = NO;
				CLANG_ANALYZER_NONNULL = YES;
				CLANG_ANALYZER_NUMBER_OBJECT_CONVERSION = YES_AGGRESSIVE;
				CLANG_CXX_LANGUAGE_STANDARD = "gnu++14";
				CLANG_CXX_LIBRARY = "libc++";
				CLANG_ENABLE_MODULES = YES;
				CLANG_ENABLE_OBJC_ARC = YES;
				CLANG_ENABLE_OBJC_WEAK = YES;
				CLANG_WARN_BLOCK_CAPTURE_AUTORELEASING = YES;
				CLANG_WARN_BOOL_CONVERSION = YES;
				CLANG_WARN_COMMA = YES;
				CLANG_WARN_CONSTANT_CONVERSION = YES;
				CLANG_WARN_DEPRECATED_OBJC_IMPLEMENTATIONS = YES;
				CLANG_WARN_DIRECT_OBJC_ISA_USAGE = YES_ERROR;
				CLANG_WARN_DOCUMENTATION_COMMENTS = YES;
				CLANG_WARN_EMPTY_BODY = YES;
				CLANG_WARN_ENUM_CONVERSION = YES;
				CLANG_WARN_INFINITE_RECURSION = YES;
				CLANG_WARN_INT_CONVERSION = YES;
				CLANG_WARN_NON_LITERAL_NULL_CONVERSION = YES;
				CLANG_WARN_OBJC_IMPLICIT_RETAIN_SELF = YES;
				CLANG_WARN_OBJC_LITERAL_CONVERSION = YES;
				CLANG_WARN_OBJC_ROOT_CLASS = YES_ERROR;
				CLANG_WARN_RANGE_LOOP_ANALYSIS = YES;
				CLANG_WARN_STRICT_PROTOTYPES = YES;
				CLANG_WARN_SUSPICIOUS_MOVE = YES;
				CLANG_WARN_UNGUARDED_AVAILABILITY = YES_AGGRESSIVE;
				CLANG_WARN_UNREACHABLE_CODE = YES;
				CLANG_WARN__DUPLICATE_METHOD_MATCH = YES;
				CODE_SIGN_IDENTITY = "iPhone Developer";
				COPY_PHASE_STRIP = NO;
				DEBUG_INFORMATION_FORMAT = dwarf;
				ENABLE_STRICT_OBJC_MSGSEND = YES;
				ENABLE_TESTABILITY = YES;
				GCC_C_LANGUAGE_STANDARD = gnu11;
				GCC_DYNAMIC_NO_PIC = NO;
				GCC_NO_COMMON_BLOCKS = YES;
				GCC_OPTIMIZATION_LEVEL = 0;
				GCC_PREPROCESSOR_DEFINITIONS = (
					"DEBUG=1",
					"$(inherited)",
				);
				GCC_WARN_64_TO_32_BIT_CONVERSION = YES;
				GCC_WARN_ABOUT_RETURN_TYPE = YES_ERROR;
				GCC_WARN_UNDECLARED_SELECTOR = YES;
				GCC_WARN_UNINITIALIZED_AUTOS = YES_AGGRESSIVE;
				GCC_WARN_UNUSED_FUNCTION = YES;
				GCC_WARN_UNUSED_VARIABLE = YES;
				IPHONEOS_DEPLOYMENT_TARGET = 12.1;
				MTL_ENABLE_DEBUG_INFO = INCLUDE_SOURCE;
				MTL_FAST_MATH = YES;
				ONLY_ACTIVE_ARCH = YES;
				SDKROOT = iphoneos;
				SWIFT_ACTIVE_COMPILATION_CONDITIONS = DEBUG;
				SWIFT_OPTIMIZATION_LEVEL = "-Onone";
			};
			name = Debug;
		};
		FF7D64A52247D3C200E3F139 /* Release */ = {
			isa = XCBuildConfiguration;
			buildSettings = {
				ALWAYS_SEARCH_USER_PATHS = NO;
				CLANG_ANALYZER_NONNULL = YES;
				CLANG_ANALYZER_NUMBER_OBJECT_CONVERSION = YES_AGGRESSIVE;
				CLANG_CXX_LANGUAGE_STANDARD = "gnu++14";
				CLANG_CXX_LIBRARY = "libc++";
				CLANG_ENABLE_MODULES = YES;
				CLANG_ENABLE_OBJC_ARC = YES;
				CLANG_ENABLE_OBJC_WEAK = YES;
				CLANG_WARN_BLOCK_CAPTURE_AUTORELEASING = YES;
				CLANG_WARN_BOOL_CONVERSION = YES;
				CLANG_WARN_COMMA = YES;
				CLANG_WARN_CONSTANT_CONVERSION = YES;
				CLANG_WARN_DEPRECATED_OBJC_IMPLEMENTATIONS = YES;
				CLANG_WARN_DIRECT_OBJC_ISA_USAGE = YES_ERROR;
				CLANG_WARN_DOCUMENTATION_COMMENTS = YES;
				CLANG_WARN_EMPTY_BODY = YES;
				CLANG_WARN_ENUM_CONVERSION = YES;
				CLANG_WARN_INFINITE_RECURSION = YES;
				CLANG_WARN_INT_CONVERSION = YES;
				CLANG_WARN_NON_LITERAL_NULL_CONVERSION = YES;
				CLANG_WARN_OBJC_IMPLICIT_RETAIN_SELF = YES;
				CLANG_WARN_OBJC_LITERAL_CONVERSION = YES;
				CLANG_WARN_OBJC_ROOT_CLASS = YES_ERROR;
				CLANG_WARN_RANGE_LOOP_ANALYSIS = YES;
				CLANG_WARN_STRICT_PROTOTYPES = YES;
				CLANG_WARN_SUSPICIOUS_MOVE = YES;
				CLANG_WARN_UNGUARDED_AVAILABILITY = YES_AGGRESSIVE;
				CLANG_WARN_UNREACHABLE_CODE = YES;
				CLANG_WARN__DUPLICATE_METHOD_MATCH = YES;
				CODE_SIGN_IDENTITY = "iPhone Developer";
				COPY_PHASE_STRIP = NO;
				DEBUG_INFORMATION_FORMAT = "dwarf-with-dsym";
				ENABLE_NS_ASSERTIONS = NO;
				ENABLE_STRICT_OBJC_MSGSEND = YES;
				GCC_C_LANGUAGE_STANDARD = gnu11;
				GCC_NO_COMMON_BLOCKS = YES;
				GCC_WARN_64_TO_32_BIT_CONVERSION = YES;
				GCC_WARN_ABOUT_RETURN_TYPE = YES_ERROR;
				GCC_WARN_UNDECLARED_SELECTOR = YES;
				GCC_WARN_UNINITIALIZED_AUTOS = YES_AGGRESSIVE;
				GCC_WARN_UNUSED_FUNCTION = YES;
				GCC_WARN_UNUSED_VARIABLE = YES;
				IPHONEOS_DEPLOYMENT_TARGET = 12.1;
				MTL_ENABLE_DEBUG_INFO = NO;
				MTL_FAST_MATH = YES;
				SDKROOT = iphoneos;
				SWIFT_COMPILATION_MODE = wholemodule;
				SWIFT_OPTIMIZATION_LEVEL = "-O";
				VALIDATE_PRODUCT = YES;
			};
			name = Release;
		};
		FF7D64A72247D3C200E3F139 /* Debug */ = {
			isa = XCBuildConfiguration;
			buildSettings = {
				ASSETCATALOG_COMPILER_APPICON_NAME = AppIcon;
				CODE_SIGN_STYLE = Automatic;
				DEVELOPMENT_TEAM = A6DU6723X3;
				INFOPLIST_FILE = MyLocations/Info.plist;
				LD_RUNPATH_SEARCH_PATHS = (
					"$(inherited)",
					"@executable_path/Frameworks",
				);
				PRODUCT_BUNDLE_IDENTIFIER = com.example.MyLocations;
				PRODUCT_NAME = "$(TARGET_NAME)";
				SWIFT_VERSION = 4.2;
				TARGETED_DEVICE_FAMILY = "1,2";
			};
			name = Debug;
		};
		FF7D64A82247D3C200E3F139 /* Release */ = {
			isa = XCBuildConfiguration;
			buildSettings = {
				ASSETCATALOG_COMPILER_APPICON_NAME = AppIcon;
				CODE_SIGN_STYLE = Automatic;
				DEVELOPMENT_TEAM = A6DU6723X3;
				INFOPLIST_FILE = MyLocations/Info.plist;
				LD_RUNPATH_SEARCH_PATHS = (
					"$(inherited)",
					"@executable_path/Frameworks",
				);
				PRODUCT_BUNDLE_IDENTIFIER = com.example.MyLocations;
				PRODUCT_NAME = "$(TARGET_NAME)";
				SWIFT_VERSION = 4.2;
				TARGETED_DEVICE_FAMILY = "1,2";
			};
			name = Release;
		};
/* End XCBuildConfiguration section */

/* Begin XCConfigurationList section */
		FF7D648D2247D3C000E3F139 /* Build configuration list for PBXProject "MyLocations" */ = {
			isa = XCConfigurationList;
			buildConfigurations = (
				FF7D64A42247D3C200E3F139 /* Debug */,
				FF7D64A52247D3C200E3F139 /* Release */,
			);
			defaultConfigurationIsVisible = 0;
			defaultConfigurationName = Release;
		};
		FF7D64A62247D3C200E3F139 /* Build configuration list for PBXNativeTarget "MyLocations" */ = {
			isa = XCConfigurationList;
			buildConfigurations = (
				FF7D64A72247D3C200E3F139 /* Debug */,
				FF7D64A82247D3C200E3F139 /* Release */,
			);
			defaultConfigurationIsVisible = 0;
			defaultConfigurationName = Release;
		};
/* End XCConfigurationList section */

/* Begin XCVersionGroup section */
		FFD2DC3F224BC1CB00210272 /* DataModel.xcdatamodeld */ = {
			isa = XCVersionGroup;
			children = (
				FFD2DC40224BC1CB00210272 /* DataModel.xcdatamodel */,
			);
			currentVersion = FFD2DC40224BC1CB00210272 /* DataModel.xcdatamodel */;
			path = DataModel.xcdatamodeld;
			sourceTree = "<group>";
			versionGroupType = wrapper.xcdatamodel;
		};
/* End XCVersionGroup section */
	};
	rootObject = FF7D648A2247D3C000E3F139 /* Project object */;
}
